// !$*UTF8*$!
{
	archiveVersion = 1;
	classes = {
	};
	objectVersion = 46;
	objects = {

/* Begin PBXBuildFile section */
		F5EFA9C21F131D1200130CD3 /* CocoaPodDemo.m in Sources */ = {isa = PBXBuildFile; fileRef = F5EFA9C11F131D1200130CD3 /* CocoaPodDemo.m */; };
		F5EFA9C31F131D1200130CD3 /* CocoaPodDemo.h in CopyFiles */ = {isa = PBXBuildFile; fileRef = F5EFA9C01F131D1200130CD3 /* CocoaPodDemo.h */; };
/* End PBXBuildFile section */

/* Begin PBXCopyFilesBuildPhase section */
		F5EFA9BB1F131D1200130CD3 /* CopyFiles */ = {
			isa = PBXCopyFilesBuildPhase;
			buildActionMask = 2147483647;
			dstPath = "include/$(PRODUCT_NAME)";
			dstSubfolderSpec = 16;
			files = (
				F5EFA9C31F131D1200130CD3 /* CocoaPodDemo.h in CopyFiles */,
			);
			runOnlyForDeploymentPostprocessing = 0;
		};
/* End PBXCopyFilesBuildPhase section */

/* Begin PBXFileReference section */
		F5EFA9BD1F131D1200130CD3 /* libCocoaPodDemo.a */ = {isa = PBXFileReference; explicitFileType = archive.ar; includeInIndex = 0; path = libCocoaPodDemo.a; sourceTree = BUILT_PRODUCTS_DIR; };
		F5EFA9C01F131D1200130CD3 /* CocoaPodDemo.h */ = {isa = PBXFileReference; lastKnownFileType = sourcecode.c.h; path = CocoaPodDemo.h; sourceTree = "<group>"; };
		F5EFA9C11F131D1200130CD3 /* CocoaPodDemo.m */ = {isa = PBXFileReference; lastKnownFileType = sourcecode.c.objc; path = CocoaPodDemo.m; sourceTree = "<group>"; };
/* End PBXFileReference section */

/* Begin PBXFrameworksBuildPhase section */
		F5EFA9BA1F131D1200130CD3 /* Frameworks */ = {
			isa = PBXFrameworksBuildPhase;
			buildActionMask = 2147483647;
			files = (
			);
			runOnlyForDeploymentPostprocessing = 0;
		};
/* End PBXFrameworksBuildPhase section */

/* Begin PBXGroup section */
		F5EFA9B41F131D1200130CD3 = {
			isa = PBXGroup;
			children = (
				F5EFA9BF1F131D1200130CD3 /* CocoaPodDemo */,
				F5EFA9BE1F131D1200130CD3 /* Products */,
			);
			sourceTree = "<group>";
		};
		F5EFA9BE1F131D1200130CD3 /* Products */ = {
			isa = PBXGroup;
			children = (
				F5EFA9BD1F131D1200130CD3 /* libCocoaPodDemo.a */,
			);
			name = Products;
			sourceTree = "<group>";
		};
		F5EFA9BF1F131D1200130CD3 /* CocoaPodDemo */ = {
			isa = PBXGroup;
			children = (
				F5EFA9C01F131D1200130CD3 /* CocoaPodDemo.h */,
				F5EFA9C11F131D1200130CD3 /* CocoaPodDemo.m */,
			);
			path = CocoaPodDemo;
			sourceTree = "<group>";
		};
/* End PBXGroup section */

/* Begin PBXNativeTarget section */
		F5EFA9BC1F131D1200130CD3 /* CocoaPodDemo */ = {
			isa = PBXNativeTarget;
			buildConfigurationList = F5EFA9C61F131D1200130CD3 /* Build configuration list for PBXNativeTarget "CocoaPodDemo" */;
			buildPhases = (
				F5EFA9B91F131D1200130CD3 /* Sources */,
				F5EFA9BA1F131D1200130CD3 /* Frameworks */,
				F5EFA9BB1F131D1200130CD3 /* CopyFiles */,
			);
			buildRules = (
			);
			dependencies = (
			);
			name = CocoaPodDemo;
			productName = CocoaPodDemo;
			productReference = F5EFA9BD1F131D1200130CD3 /* libCocoaPodDemo.a */;
			productType = "com.apple.product-type.library.static";
		};
/* End PBXNativeTarget section */

/* Begin PBXProject section */
		F5EFA9B51F131D1200130CD3 /* Project object */ = {
			isa = PBXProject;
			attributes = {
				LastUpgradeCheck = 0820;
				ORGANIZATIONNAME = "徐强强";
				TargetAttributes = {
					F5EFA9BC1F131D1200130CD3 = {
						CreatedOnToolsVersion = 8.2.1;
						DevelopmentTeam = UZCVCY9YNM;
						ProvisioningStyle = Automatic;
					};
				};
			};
			buildConfigurationList = F5EFA9B81F131D1200130CD3 /* Build configuration list for PBXProject "CocoaPodDemo" */;
			compatibilityVersion = "Xcode 3.2";
			developmentRegion = English;
			hasScannedForEncodings = 0;
			knownRegions = (
				en,
			);
			mainGroup = F5EFA9B41F131D1200130CD3;
			productRefGroup = F5EFA9BE1F131D1200130CD3 /* Products */;
			projectDirPath = "";
			projectRoot = "";
			targets = (
				F5EFA9BC1F131D1200130CD3 /* CocoaPodDemo */,
			);
		};
/* End PBXProject section */

/* Begin PBXSourcesBuildPhase section */
		F5EFA9B91F131D1200130CD3 /* Sources */ = {
			isa = PBXSourcesBuildPhase;
			buildActionMask = 2147483647;
			files = (
				F5EFA9C21F131D1200130CD3 /* CocoaPodDemo.m in Sources */,
			);
			runOnlyForDeploymentPostprocessing = 0;
		};
/* End PBXSourcesBuildPhase section */

/* Begin XCBuildConfiguration section */
		F5EFA9C41F131D1200130CD3 /* Debug */ = {
			isa = XCBuildConfiguration;
			buildSettings = {
				ALWAYS_SEARCH_USER_PATHS = NO;
				CLANG_ANALYZER_NONNULL = YES;
				CLANG_CXX_LANGUAGE_STANDARD = "gnu++0x";
				CLANG_CXX_LIBRARY = "libc++";
				CLANG_ENABLE_MODULES = YES;
				CLANG_ENABLE_OBJC_ARC = YES;
				CLANG_WARN_BOOL_CONVERSION = YES;
				CLANG_WARN_CONSTANT_CONVERSION = YES;
				CLANG_WARN_DIRECT_OBJC_ISA_USAGE = YES_ERROR;
				CLANG_WARN_DOCUMENTATION_COMMENTS = YES;
				CLANG_WARN_EMPTY_BODY = YES;
				CLANG_WARN_ENUM_CONVERSION = YES;
				CLANG_WARN_INFINITE_RECURSION = YES;
				CLANG_WARN_INT_CONVERSION = YES;
				CLANG_WARN_OBJC_ROOT_CLASS = YES_ERROR;
				CLANG_WARN_SUSPICIOUS_MOVE = YES;
				CLANG_WARN_UNREACHABLE_CODE = YES;
				CLANG_WARN__DUPLICATE_METHOD_MATCH = YES;
				"CODE_SIGN_IDENTITY[sdk=iphoneos*]" = "iPhone Developer";
				COPY_PHASE_STRIP = NO;
				DEBUG_INFORMATION_FORMAT = dwarf;
				ENABLE_STRICT_OBJC_MSGSEND = YES;
				ENABLE_TESTABILITY = YES;
				GCC_C_LANGUAGE_STANDARD = gnu99;
				GCC_DYNAMIC_NO_PIC = NO;
				GCC_NO_COMMON_BLOCKS = YES;
				GCC_OPTIMIZATION_LEVEL = 0;
				GCC_PREPROCESSOR_DEFINITIONS = (
					"DEBUG=1",
					"$(inherited)",
				);
				GCC_WARN_64_TO_32_BIT_CONVERSION = YES;
				GCC_WARN_ABOUT_RETURN_TYPE = YES_ERROR;
				GCC_WARN_UNDECLARED_SELECTOR = YES;
				GCC_WARN_UNINITIALIZED_AUTOS = YES_AGGRESSIVE;
				GCC_WARN_UNUSED_FUNCTION = YES;
				GCC_WARN_UNUSED_VARIABLE = YES;
				IPHONEOS_DEPLOYMENT_TARGET = 10.2;
				MTL_ENABLE_DEBUG_INFO = YES;
				ONLY_ACTIVE_ARCH = YES;
				SDKROOT = iphoneos;
			};
			name = Debug;
		};
		F5EFA9C51F131D1200130CD3 /* Release */ = {
			isa = XCBuildConfiguration;
			buildSettings = {
				ALWAYS_SEARCH_USER_PATHS = NO;
				CLANG_ANALYZER_NONNULL = YES;
				CLANG_CXX_LANGUAGE_STANDARD = "gnu++0x";
				CLANG_CXX_LIBRARY = "libc++";
				CLANG_ENABLE_MODULES = YES;
				CLANG_ENABLE_OBJC_ARC = YES;
				CLANG_WARN_BOOL_CONVERSION = YES;
				CLANG_WARN_CONSTANT_CONVERSION = YES;
				CLANG_WARN_DIRECT_OBJC_ISA_USAGE = YES_ERROR;
				CLANG_WARN_DOCUMENTATION_COMMENTS = YES;
				CLANG_WARN_EMPTY_BODY = YES;
				CLANG_WARN_ENUM_CONVERSION = YES;
				CLANG_WARN_INFINITE_RECURSION = YES;
				CLANG_WARN_INT_CONVERSION = YES;
				CLANG_WARN_OBJC_ROOT_CLASS = YES_ERROR;
				CLANG_WARN_SUSPICIOUS_MOVE = YES;
				CLANG_WARN_UNREACHABLE_CODE = YES;
				CLANG_WARN__DUPLICATE_METHOD_MATCH = YES;
				"CODE_SIGN_IDENTITY[sdk=iphoneos*]" = "iPhone Developer";
				COPY_PHASE_STRIP = NO;
				DEBUG_INFORMATION_FORMAT = "dwarf-with-dsym";
				ENABLE_NS_ASSERTIONS = NO;
				ENABLE_STRICT_OBJC_MSGSEND = YES;
				GCC_C_LANGUAGE_STANDARD = gnu99;
				GCC_NO_COMMON_BLOCKS = YES;
				GCC_WARN_64_TO_32_BIT_CONVERSION = YES;
				GCC_WARN_ABOUT_RETURN_TYPE = YES_ERROR;
				GCC_WARN_UNDECLARED_SELECTOR = YES;
				GCC_WARN_UNINITIALIZED_AUTOS = YES_AGGRESSIVE;
				GCC_WARN_UNUSED_FUNCTION = YES;
				GCC_WARN_UNUSED_VARIABLE = YES;
				IPHONEOS_DEPLOYMENT_TARGET = 10.2;
				MTL_ENABLE_DEBUG_INFO = NO;
				SDKROOT = iphoneos;
				VALIDATE_PRODUCT = YES;
			};
			name = Release;
		};
		F5EFA9C71F131D1200130CD3 /* Debug */ = {
			isa = XCBuildConfiguration;
			buildSettings = {
				DEVELOPMENT_TEAM = UZCVCY9YNM;
				OTHER_LDFLAGS = "-ObjC";
				PRODUCT_NAME = "$(TARGET_NAME)";
				SKIP_INSTALL = YES;
			};
			name = Debug;
		};
		F5EFA9C81F131D1200130CD3 /* Release */ = {
			isa = XCBuildConfiguration;
			buildSettings = {
				DEVELOPMENT_TEAM = UZCVCY9YNM;
				OTHER_LDFLAGS = "-ObjC";
				PRODUCT_NAME = "$(TARGET_NAME)";
				SKIP_INSTALL = YES;
			};
			name = Release;
		};
/* End XCBuildConfiguration section */

/* Begin XCConfigurationList section */
		F5EFA9B81F131D1200130CD3 /* Build configuration list for PBXProject "CocoaPodDemo" */ = {
			isa = XCConfigurationList;
			buildConfigurations = (
				F5EFA9C41F131D1200130CD3 /* Debug */,
				F5EFA9C51F131D1200130CD3 /* Release */,
			);
			defaultConfigurationIsVisible = 0;
			defaultConfigurationName = Release;
		};
		F5EFA9C61F131D1200130CD3 /* Build configuration list for PBXNativeTarget "CocoaPodDemo" */ = {
			isa = XCConfigurationList;
			buildConfigurations = (
				F5EFA9C71F131D1200130CD3 /* Debug */,
				F5EFA9C81F131D1200130CD3 /* Release */,
			);
			defaultConfigurationIsVisible = 0;
		};
/* End XCConfigurationList section */
	};
	rootObject = F5EFA9B51F131D1200130CD3 /* Project object */;
}
